{
  "originHash" : "81702b8f7fa6fc73458821cd4dfa7dde6684a9d1d4b6d63ecde0b6b832d8d75e",
  "pins" : [
    {
      "identity" : "yams",
      "kind" : "remoteSourceControl",
      "location" : "https://github.com/jpsim/Yams",
      "state" : {
        "revision" : "7568d1c6c63a094405afb32264c57dc4e1435835",
        "version" : "6.0.1"
      }
    }
  ],
  "version" : 3
}
